
Microsoft Visual Studio Solution File, Format Version 12.00
# Visual Studio Version 16
VisualStudioVersion = 16.0.31205.134
MinimumVisualStudioVersion = 10.0.40219.1
Project("{FAE04EC0-301F-11D3-BF4B-00C04F79EFBC}") = "WindowsFormsApp(コピペ)", "WindowsFormsApp(コピペ)\WindowsFormsApp(コピペ).csproj", "{EBC7FD9E-9255-47AB-A2DE-957B0E9EDAF5}"
EndProject
Global
	GlobalSection(SolutionConfigurationPlatforms) = preSolution
		Debug|Any CPU = Debug|Any CPU
		Release|Any CPU = Release|Any CPU
	EndGlobalSection
	GlobalSection(ProjectConfigurationPlatforms) = postSolution
		{EBC7FD9E-9255-47AB-A2DE-957B0E9EDAF5}.Debug|Any CPU.ActiveCfg = Debug|Any CPU
		{EBC7FD9E-9255-47AB-A2DE-957B0E9EDAF5}.Debug|Any CPU.Build.0 = Debug|Any CPU
		{EBC7FD9E-9255-47AB-A2DE-957B0E9EDAF5}.Release|Any CPU.ActiveCfg = Release|Any CPU
		{EBC7FD9E-9255-47AB-A2DE-957B0E9EDAF5}.Release|Any CPU.Build.0 = Release|Any CPU
	EndGlobalSection
	GlobalSection(SolutionProperties) = preSolution
		HideSolutionNode = FALSE
	EndGlobalSection
	GlobalSection(ExtensibilityGlobals) = postSolution
		SolutionGuid = {E0E11FCD-45DE-4F91-81F8-B092D37E31EA}
	EndGlobalSection
EndGlobal
